// !$*UTF8*$!
{
	archiveVersion = 1;
	classes = {
	};
	objectVersion = 50;
	objects = {

/* Begin PBXBuildFile section */
		04E4430F67BC53A203CBD901 /* Pods_testInAppPurchaseTests.framework in Frameworks */ = {isa = PBXBuildFile; fileRef = 1518E7C1F304A28769B339B3 /* Pods_testInAppPurchaseTests.framework */; };
		192C61FC4D2185107EC9EC67 /* Pods_testInAppPurchase.framework in Frameworks */ = {isa = PBXBuildFile; fileRef = 437B43F43E7ECEAB5937EFBF /* Pods_testInAppPurchase.framework */; };
		B939F59E22DD55FA00A102BD /* AppDelegate.swift in Sources */ = {isa = PBXBuildFile; fileRef = B939F59D22DD55FA00A102BD /* AppDelegate.swift */; };
		B939F5A022DD55FA00A102BD /* ViewController.swift in Sources */ = {isa = PBXBuildFile; fileRef = B939F59F22DD55FA00A102BD /* ViewController.swift */; };
		B939F5A322DD55FA00A102BD /* Main.storyboard in Resources */ = {isa = PBXBuildFile; fileRef = B939F5A122DD55FA00A102BD /* Main.storyboard */; };
		B939F5A522DD55FB00A102BD /* Assets.xcassets in Resources */ = {isa = PBXBuildFile; fileRef = B939F5A422DD55FB00A102BD /* Assets.xcassets */; };
		B939F5A822DD55FB00A102BD /* LaunchScreen.storyboard in Resources */ = {isa = PBXBuildFile; fileRef = B939F5A622DD55FB00A102BD /* LaunchScreen.storyboard */; };
		B939F5B322DD55FB00A102BD /* testInAppPurchaseTests.swift in Sources */ = {isa = PBXBuildFile; fileRef = B939F5B222DD55FB00A102BD /* testInAppPurchaseTests.swift */; };
		B939F5BE22DD55FC00A102BD /* testInAppPurchaseUITests.swift in Sources */ = {isa = PBXBuildFile; fileRef = B939F5BD22DD55FC00A102BD /* testInAppPurchaseUITests.swift */; };
		B939F5CD22DD5D8600A102BD /* StoreKit.framework in Frameworks */ = {isa = PBXBuildFile; fileRef = B939F5CC22DD5D8600A102BD /* StoreKit.framework */; };
		E6FBF2E236F5B218B8517C28 /* Pods_testInAppPurchaseUITests.framework in Frameworks */ = {isa = PBXBuildFile; fileRef = A103C0B3CBAFCEE96CEA03FB /* Pods_testInAppPurchaseUITests.framework */; };
/* End PBXBuildFile section */

/* Begin PBXContainerItemProxy section */
		B939F5AF22DD55FB00A102BD /* PBXContainerItemProxy */ = {
			isa = PBXContainerItemProxy;
			containerPortal = B939F59222DD55FA00A102BD /* Project object */;
			proxyType = 1;
			remoteGlobalIDString = B939F59922DD55FA00A102BD;
			remoteInfo = testInAppPurchase;
		};
		B939F5BA22DD55FC00A102BD /* PBXContainerItemProxy */ = {
			isa = PBXContainerItemProxy;
			containerPortal = B939F59222DD55FA00A102BD /* Project object */;
			proxyType = 1;
			remoteGlobalIDString = B939F59922DD55FA00A102BD;
			remoteInfo = testInAppPurchase;
		};
/* End PBXContainerItemProxy section */

/* Begin PBXFileReference section */
		060BF3510C87B6D588C0BB4E /* Pods-testInAppPurchaseTests.release.xcconfig */ = {isa = PBXFileReference; includeInIndex = 1; lastKnownFileType = text.xcconfig; name = "Pods-testInAppPurchaseTests.release.xcconfig"; path = "Pods/Target Support Files/Pods-testInAppPurchaseTests/Pods-testInAppPurchaseTests.release.xcconfig"; sourceTree = "<group>"; };
		0BA426D9A5E4AE083217CF14 /* Pods-testInAppPurchaseTests.debug.xcconfig */ = {isa = PBXFileReference; includeInIndex = 1; lastKnownFileType = text.xcconfig; name = "Pods-testInAppPurchaseTests.debug.xcconfig"; path = "Pods/Target Support Files/Pods-testInAppPurchaseTests/Pods-testInAppPurchaseTests.debug.xcconfig"; sourceTree = "<group>"; };
		1518E7C1F304A28769B339B3 /* Pods_testInAppPurchaseTests.framework */ = {isa = PBXFileReference; explicitFileType = wrapper.framework; includeInIndex = 0; path = Pods_testInAppPurchaseTests.framework; sourceTree = BUILT_PRODUCTS_DIR; };
		284A3A8590A5C36CD30E3703 /* Pods-testInAppPurchase.release.xcconfig */ = {isa = PBXFileReference; includeInIndex = 1; lastKnownFileType = text.xcconfig; name = "Pods-testInAppPurchase.release.xcconfig"; path = "Pods/Target Support Files/Pods-testInAppPurchase/Pods-testInAppPurchase.release.xcconfig"; sourceTree = "<group>"; };
		3A22F083DCB711BDAC3C8482 /* Pods-testInAppPurchaseUITests.debug.xcconfig */ = {isa = PBXFileReference; includeInIndex = 1; lastKnownFileType = text.xcconfig; name = "Pods-testInAppPurchaseUITests.debug.xcconfig"; path = "Pods/Target Support Files/Pods-testInAppPurchaseUITests/Pods-testInAppPurchaseUITests.debug.xcconfig"; sourceTree = "<group>"; };
		437B43F43E7ECEAB5937EFBF /* Pods_testInAppPurchase.framework */ = {isa = PBXFileReference; explicitFileType = wrapper.framework; includeInIndex = 0; path = Pods_testInAppPurchase.framework; sourceTree = BUILT_PRODUCTS_DIR; };
		9447F8057FBEC8427FD9C734 /* Pods-testInAppPurchase.debug.xcconfig */ = {isa = PBXFileReference; includeInIndex = 1; lastKnownFileType = text.xcconfig; name = "Pods-testInAppPurchase.debug.xcconfig"; path = "Pods/Target Support Files/Pods-testInAppPurchase/Pods-testInAppPurchase.debug.xcconfig"; sourceTree = "<group>"; };
		A103C0B3CBAFCEE96CEA03FB /* Pods_testInAppPurchaseUITests.framework */ = {isa = PBXFileReference; explicitFileType = wrapper.framework; includeInIndex = 0; path = Pods_testInAppPurchaseUITests.framework; sourceTree = BUILT_PRODUCTS_DIR; };
		B939F59A22DD55FA00A102BD /* testInAppPurchase.app */ = {isa = PBXFileReference; explicitFileType = wrapper.application; includeInIndex = 0; path = testInAppPurchase.app; sourceTree = BUILT_PRODUCTS_DIR; };
		B939F59D22DD55FA00A102BD /* AppDelegate.swift */ = {isa = PBXFileReference; lastKnownFileType = sourcecode.swift; path = AppDelegate.swift; sourceTree = "<group>"; };
		B939F59F22DD55FA00A102BD /* ViewController.swift */ = {isa = PBXFileReference; lastKnownFileType = sourcecode.swift; path = ViewController.swift; sourceTree = "<group>"; };
		B939F5A222DD55FA00A102BD /* Base */ = {isa = PBXFileReference; lastKnownFileType = file.storyboard; name = Base; path = Base.lproj/Main.storyboard; sourceTree = "<group>"; };
		B939F5A422DD55FB00A102BD /* Assets.xcassets */ = {isa = PBXFileReference; lastKnownFileType = folder.assetcatalog; path = Assets.xcassets; sourceTree = "<group>"; };
		B939F5A722DD55FB00A102BD /* Base */ = {isa = PBXFileReference; lastKnownFileType = file.storyboard; name = Base; path = Base.lproj/LaunchScreen.storyboard; sourceTree = "<group>"; };
		B939F5A922DD55FB00A102BD /* Info.plist */ = {isa = PBXFileReference; lastKnownFileType = text.plist.xml; path = Info.plist; sourceTree = "<group>"; };
		B939F5AE22DD55FB00A102BD /* testInAppPurchaseTests.xctest */ = {isa = PBXFileReference; explicitFileType = wrapper.cfbundle; includeInIndex = 0; path = testInAppPurchaseTests.xctest; sourceTree = BUILT_PRODUCTS_DIR; };
		B939F5B222DD55FB00A102BD /* testInAppPurchaseTests.swift */ = {isa = PBXFileReference; lastKnownFileType = sourcecode.swift; path = testInAppPurchaseTests.swift; sourceTree = "<group>"; };
		B939F5B422DD55FB00A102BD /* Info.plist */ = {isa = PBXFileReference; lastKnownFileType = text.plist.xml; path = Info.plist; sourceTree = "<group>"; };
		B939F5B922DD55FB00A102BD /* testInAppPurchaseUITests.xctest */ = {isa = PBXFileReference; explicitFileType = wrapper.cfbundle; includeInIndex = 0; path = testInAppPurchaseUITests.xctest; sourceTree = BUILT_PRODUCTS_DIR; };
		B939F5BD22DD55FC00A102BD /* testInAppPurchaseUITests.swift */ = {isa = PBXFileReference; lastKnownFileType = sourcecode.swift; path = testInAppPurchaseUITests.swift; sourceTree = "<group>"; };
		B939F5BF22DD55FC00A102BD /* Info.plist */ = {isa = PBXFileReference; lastKnownFileType = text.plist.xml; path = Info.plist; sourceTree = "<group>"; };
		B939F5CC22DD5D8600A102BD /* StoreKit.framework */ = {isa = PBXFileReference; lastKnownFileType = wrapper.framework; name = StoreKit.framework; path = System/Library/Frameworks/StoreKit.framework; sourceTree = SDKROOT; };
		C0BEAE802CFF4791872CDAD0 /* Pods-testInAppPurchaseUITests.release.xcconfig */ = {isa = PBXFileReference; includeInIndex = 1; lastKnownFileType = text.xcconfig; name = "Pods-testInAppPurchaseUITests.release.xcconfig"; path = "Pods/Target Support Files/Pods-testInAppPurchaseUITests/Pods-testInAppPurchaseUITests.release.xcconfig"; sourceTree = "<group>"; };
/* End PBXFileReference section */

/* Begin PBXFrameworksBuildPhase section */
		B939F59722DD55FA00A102BD /* Frameworks */ = {
			isa = PBXFrameworksBuildPhase;
			buildActionMask = 2147483647;
			files = (
				B939F5CD22DD5D8600A102BD /* StoreKit.framework in Frameworks */,
				192C61FC4D2185107EC9EC67 /* Pods_testInAppPurchase.framework in Frameworks */,
			);
			runOnlyForDeploymentPostprocessing = 0;
		};
		B939F5AB22DD55FB00A102BD /* Frameworks */ = {
			isa = PBXFrameworksBuildPhase;
			buildActionMask = 2147483647;
			files = (
				04E4430F67BC53A203CBD901 /* Pods_testInAppPurchaseTests.framework in Frameworks */,
			);
			runOnlyForDeploymentPostprocessing = 0;
		};
		B939F5B622DD55FB00A102BD /* Frameworks */ = {
			isa = PBXFrameworksBuildPhase;
			buildActionMask = 2147483647;
			files = (
				E6FBF2E236F5B218B8517C28 /* Pods_testInAppPurchaseUITests.framework in Frameworks */,
			);
			runOnlyForDeploymentPostprocessing = 0;
		};
/* End PBXFrameworksBuildPhase section */

/* Begin PBXGroup section */
		AF563326AE80386AE6D6C2BC /* Pods */ = {
			isa = PBXGroup;
			children = (
				9447F8057FBEC8427FD9C734 /* Pods-testInAppPurchase.debug.xcconfig */,
				284A3A8590A5C36CD30E3703 /* Pods-testInAppPurchase.release.xcconfig */,
				0BA426D9A5E4AE083217CF14 /* Pods-testInAppPurchaseTests.debug.xcconfig */,
				060BF3510C87B6D588C0BB4E /* Pods-testInAppPurchaseTests.release.xcconfig */,
				3A22F083DCB711BDAC3C8482 /* Pods-testInAppPurchaseUITests.debug.xcconfig */,
				C0BEAE802CFF4791872CDAD0 /* Pods-testInAppPurchaseUITests.release.xcconfig */,
			);
			name = Pods;
			sourceTree = "<group>";
		};
		B939F59122DD55FA00A102BD = {
			isa = PBXGroup;
			children = (
				B939F59C22DD55FA00A102BD /* testInAppPurchase */,
				B939F5B122DD55FB00A102BD /* testInAppPurchaseTests */,
				B939F5BC22DD55FC00A102BD /* testInAppPurchaseUITests */,
				B939F59B22DD55FA00A102BD /* Products */,
				B939F5CB22DD5D8600A102BD /* Frameworks */,
				AF563326AE80386AE6D6C2BC /* Pods */,
			);
			sourceTree = "<group>";
		};
		B939F59B22DD55FA00A102BD /* Products */ = {
			isa = PBXGroup;
			children = (
				B939F59A22DD55FA00A102BD /* testInAppPurchase.app */,
				B939F5AE22DD55FB00A102BD /* testInAppPurchaseTests.xctest */,
				B939F5B922DD55FB00A102BD /* testInAppPurchaseUITests.xctest */,
			);
			name = Products;
			sourceTree = "<group>";
		};
		B939F59C22DD55FA00A102BD /* testInAppPurchase */ = {
			isa = PBXGroup;
			children = (
				B939F59D22DD55FA00A102BD /* AppDelegate.swift */,
				B939F59F22DD55FA00A102BD /* ViewController.swift */,
				B939F5A122DD55FA00A102BD /* Main.storyboard */,
				B939F5A422DD55FB00A102BD /* Assets.xcassets */,
				B939F5A622DD55FB00A102BD /* LaunchScreen.storyboard */,
				B939F5A922DD55FB00A102BD /* Info.plist */,
			);
			path = testInAppPurchase;
			sourceTree = "<group>";
		};
		B939F5B122DD55FB00A102BD /* testInAppPurchaseTests */ = {
			isa = PBXGroup;
			children = (
				B939F5B222DD55FB00A102BD /* testInAppPurchaseTests.swift */,
				B939F5B422DD55FB00A102BD /* Info.plist */,
			);
			path = testInAppPurchaseTests;
			sourceTree = "<group>";
		};
		B939F5BC22DD55FC00A102BD /* testInAppPurchaseUITests */ = {
			isa = PBXGroup;
			children = (
				B939F5BD22DD55FC00A102BD /* testInAppPurchaseUITests.swift */,
				B939F5BF22DD55FC00A102BD /* Info.plist */,
			);
			path = testInAppPurchaseUITests;
			sourceTree = "<group>";
		};
		B939F5CB22DD5D8600A102BD /* Frameworks */ = {
			isa = PBXGroup;
			children = (
				B939F5CC22DD5D8600A102BD /* StoreKit.framework */,
				437B43F43E7ECEAB5937EFBF /* Pods_testInAppPurchase.framework */,
				1518E7C1F304A28769B339B3 /* Pods_testInAppPurchaseTests.framework */,
				A103C0B3CBAFCEE96CEA03FB /* Pods_testInAppPurchaseUITests.framework */,
			);
			name = Frameworks;
			sourceTree = "<group>";
		};
/* End PBXGroup section */

/* Begin PBXNativeTarget section */
		B939F59922DD55FA00A102BD /* testInAppPurchase */ = {
			isa = PBXNativeTarget;
			buildConfigurationList = B939F5C222DD55FC00A102BD /* Build configuration list for PBXNativeTarget "testInAppPurchase" */;
			buildPhases = (
				9188D814E990799C3FA05588 /* [CP] Check Pods Manifest.lock */,
				B939F59622DD55FA00A102BD /* Sources */,
				B939F59722DD55FA00A102BD /* Frameworks */,
				B939F59822DD55FA00A102BD /* Resources */,
				C3AA2C12DEBD7233FB7BE126 /* [CP] Embed Pods Frameworks */,
			);
			buildRules = (
			);
			dependencies = (
			);
			name = testInAppPurchase;
			productName = testInAppPurchase;
			productReference = B939F59A22DD55FA00A102BD /* testInAppPurchase.app */;
			productType = "com.apple.product-type.application";
		};
		B939F5AD22DD55FB00A102BD /* testInAppPurchaseTests */ = {
			isa = PBXNativeTarget;
			buildConfigurationList = B939F5C522DD55FC00A102BD /* Build configuration list for PBXNativeTarget "testInAppPurchaseTests" */;
			buildPhases = (
				AD1317FECF9BB5AD4F13E070 /* [CP] Check Pods Manifest.lock */,
				B939F5AA22DD55FB00A102BD /* Sources */,
				B939F5AB22DD55FB00A102BD /* Frameworks */,
				B939F5AC22DD55FB00A102BD /* Resources */,
			);
			buildRules = (
			);
			dependencies = (
				B939F5B022DD55FB00A102BD /* PBXTargetDependency */,
			);
			name = testInAppPurchaseTests;
			productName = testInAppPurchaseTests;
			productReference = B939F5AE22DD55FB00A102BD /* testInAppPurchaseTests.xctest */;
			productType = "com.apple.product-type.bundle.unit-test";
		};
		B939F5B822DD55FB00A102BD /* testInAppPurchaseUITests */ = {
			isa = PBXNativeTarget;
			buildConfigurationList = B939F5C822DD55FC00A102BD /* Build configuration list for PBXNativeTarget "testInAppPurchaseUITests" */;
			buildPhases = (
				19C9E0B2BA37FEB9B1A4E8ED /* [CP] Check Pods Manifest.lock */,
				B939F5B522DD55FB00A102BD /* Sources */,
				B939F5B622DD55FB00A102BD /* Frameworks */,
				B939F5B722DD55FB00A102BD /* Resources */,
			);
			buildRules = (
			);
			dependencies = (
				B939F5BB22DD55FC00A102BD /* PBXTargetDependency */,
			);
			name = testInAppPurchaseUITests;
			productName = testInAppPurchaseUITests;
			productReference = B939F5B922DD55FB00A102BD /* testInAppPurchaseUITests.xctest */;
			productType = "com.apple.product-type.bundle.ui-testing";
		};
/* End PBXNativeTarget section */

/* Begin PBXProject section */
		B939F59222DD55FA00A102BD /* Project object */ = {
			isa = PBXProject;
			attributes = {
				LastSwiftUpdateCheck = 1020;
				LastUpgradeCheck = 1020;
				ORGANIZATIONNAME = nwatabou;
				TargetAttributes = {
					B939F59922DD55FA00A102BD = {
						CreatedOnToolsVersion = 10.2.1;
						SystemCapabilities = {
							com.apple.InAppPurchase = {
								enabled = 1;
							};
						};
					};
					B939F5AD22DD55FB00A102BD = {
						CreatedOnToolsVersion = 10.2.1;
						TestTargetID = B939F59922DD55FA00A102BD;
					};
					B939F5B822DD55FB00A102BD = {
						CreatedOnToolsVersion = 10.2.1;
						TestTargetID = B939F59922DD55FA00A102BD;
					};
				};
			};
			buildConfigurationList = B939F59522DD55FA00A102BD /* Build configuration list for PBXProject "testInAppPurchase" */;
			compatibilityVersion = "Xcode 9.3";
			developmentRegion = en;
			hasScannedForEncodings = 0;
			knownRegions = (
				en,
				Base,
			);
			mainGroup = B939F59122DD55FA00A102BD;
			productRefGroup = B939F59B22DD55FA00A102BD /* Products */;
			projectDirPath = "";
			projectRoot = "";
			targets = (
				B939F59922DD55FA00A102BD /* testInAppPurchase */,
				B939F5AD22DD55FB00A102BD /* testInAppPurchaseTests */,
				B939F5B822DD55FB00A102BD /* testInAppPurchaseUITests */,
			);
		};
/* End PBXProject section */

/* Begin PBXResourcesBuildPhase section */
		B939F59822DD55FA00A102BD /* Resources */ = {
			isa = PBXResourcesBuildPhase;
			buildActionMask = 2147483647;
			files = (
				B939F5A822DD55FB00A102BD /* LaunchScreen.storyboard in Resources */,
				B939F5A522DD55FB00A102BD /* Assets.xcassets in Resources */,
				B939F5A322DD55FA00A102BD /* Main.storyboard in Resources */,
			);
			runOnlyForDeploymentPostprocessing = 0;
		};
		B939F5AC22DD55FB00A102BD /* Resources */ = {
			isa = PBXResourcesBuildPhase;
			buildActionMask = 2147483647;
			files = (
			);
			runOnlyForDeploymentPostprocessing = 0;
		};
		B939F5B722DD55FB00A102BD /* Resources */ = {
			isa = PBXResourcesBuildPhase;
			buildActionMask = 2147483647;
			files = (
			);
			runOnlyForDeploymentPostprocessing = 0;
		};
/* End PBXResourcesBuildPhase section */

/* Begin PBXShellScriptBuildPhase section */
		19C9E0B2BA37FEB9B1A4E8ED /* [CP] Check Pods Manifest.lock */ = {
			isa = PBXShellScriptBuildPhase;
			buildActionMask = 2147483647;
			files = (
			);
			inputFileListPaths = (
			);
			inputPaths = (
				"${PODS_PODFILE_DIR_PATH}/Podfile.lock",
				"${PODS_ROOT}/Manifest.lock",
			);
			name = "[CP] Check Pods Manifest.lock";
			outputFileListPaths = (
			);
			outputPaths = (
				"$(DERIVED_FILE_DIR)/Pods-testInAppPurchaseUITests-checkManifestLockResult.txt",
			);
			runOnlyForDeploymentPostprocessing = 0;
			shellPath = /bin/sh;
			shellScript = "diff \"${PODS_PODFILE_DIR_PATH}/Podfile.lock\" \"${PODS_ROOT}/Manifest.lock\" > /dev/null\nif [ $? != 0 ] ; then\n    # print error to STDERR\n    echo \"error: The sandbox is not in sync with the Podfile.lock. Run 'pod install' or update your CocoaPods installation.\" >&2\n    exit 1\nfi\n# This output is used by Xcode 'outputs' to avoid re-running this script phase.\necho \"SUCCESS\" > \"${SCRIPT_OUTPUT_FILE_0}\"\n";
			showEnvVarsInLog = 0;
		};
		9188D814E990799C3FA05588 /* [CP] Check Pods Manifest.lock */ = {
			isa = PBXShellScriptBuildPhase;
			buildActionMask = 2147483647;
			files = (
			);
			inputFileListPaths = (
			);
			inputPaths = (
				"${PODS_PODFILE_DIR_PATH}/Podfile.lock",
				"${PODS_ROOT}/Manifest.lock",
			);
			name = "[CP] Check Pods Manifest.lock";
			outputFileListPaths = (
			);
			outputPaths = (
				"$(DERIVED_FILE_DIR)/Pods-testInAppPurchase-checkManifestLockResult.txt",
			);
			runOnlyForDeploymentPostprocessing = 0;
			shellPath = /bin/sh;
			shellScript = "diff \"${PODS_PODFILE_DIR_PATH}/Podfile.lock\" \"${PODS_ROOT}/Manifest.lock\" > /dev/null\nif [ $? != 0 ] ; then\n    # print error to STDERR\n    echo \"error: The sandbox is not in sync with the Podfile.lock. Run 'pod install' or update your CocoaPods installation.\" >&2\n    exit 1\nfi\n# This output is used by Xcode 'outputs' to avoid re-running this script phase.\necho \"SUCCESS\" > \"${SCRIPT_OUTPUT_FILE_0}\"\n";
			showEnvVarsInLog = 0;
		};
		AD1317FECF9BB5AD4F13E070 /* [CP] Check Pods Manifest.lock */ = {
			isa = PBXShellScriptBuildPhase;
			buildActionMask = 2147483647;
			files = (
			);
			inputFileListPaths = (
			);
			inputPaths = (
				"${PODS_PODFILE_DIR_PATH}/Podfile.lock",
				"${PODS_ROOT}/Manifest.lock",
			);
			name = "[CP] Check Pods Manifest.lock";
			outputFileListPaths = (
			);
			outputPaths = (
				"$(DERIVED_FILE_DIR)/Pods-testInAppPurchaseTests-checkManifestLockResult.txt",
			);
			runOnlyForDeploymentPostprocessing = 0;
			shellPath = /bin/sh;
			shellScript = "diff \"${PODS_PODFILE_DIR_PATH}/Podfile.lock\" \"${PODS_ROOT}/Manifest.lock\" > /dev/null\nif [ $? != 0 ] ; then\n    # print error to STDERR\n    echo \"error: The sandbox is not in sync with the Podfile.lock. Run 'pod install' or update your CocoaPods installation.\" >&2\n    exit 1\nfi\n# This output is used by Xcode 'outputs' to avoid re-running this script phase.\necho \"SUCCESS\" > \"${SCRIPT_OUTPUT_FILE_0}\"\n";
			showEnvVarsInLog = 0;
		};
		C3AA2C12DEBD7233FB7BE126 /* [CP] Embed Pods Frameworks */ = {
			isa = PBXShellScriptBuildPhase;
			buildActionMask = 2147483647;
			files = (
			);
			inputFileListPaths = (
			);
			inputPaths = (
				"${SRCROOT}/Pods/Target Support Files/Pods-testInAppPurchase/Pods-testInAppPurchase-frameworks.sh",
				"${BUILT_PRODUCTS_DIR}/SwiftyStoreKit/SwiftyStoreKit.framework",
			);
			name = "[CP] Embed Pods Frameworks";
			outputFileListPaths = (
			);
			outputPaths = (
				"${TARGET_BUILD_DIR}/${FRAMEWORKS_FOLDER_PATH}/SwiftyStoreKit.framework",
			);
			runOnlyForDeploymentPostprocessing = 0;
			shellPath = /bin/sh;
			shellScript = "\"${SRCROOT}/Pods/Target Support Files/Pods-testInAppPurchase/Pods-testInAppPurchase-frameworks.sh\"\n";
			showEnvVarsInLog = 0;
		};
/* End PBXShellScriptBuildPhase section */

/* Begin PBXSourcesBuildPhase section */
		B939F59622DD55FA00A102BD /* Sources */ = {
			isa = PBXSourcesBuildPhase;
			buildActionMask = 2147483647;
			files = (
				B939F5A022DD55FA00A102BD /* ViewController.swift in Sources */,
				B939F59E22DD55FA00A102BD /* AppDelegate.swift in Sources */,
			);
			runOnlyForDeploymentPostprocessing = 0;
		};
		B939F5AA22DD55FB00A102BD /* Sources */ = {
			isa = PBXSourcesBuildPhase;
			buildActionMask = 2147483647;
			files = (
				B939F5B322DD55FB00A102BD /* testInAppPurchaseTests.swift in Sources */,
			);
			runOnlyForDeploymentPostprocessing = 0;
		};
		B939F5B522DD55FB00A102BD /* Sources */ = {
			isa = PBXSourcesBuildPhase;
			buildActionMask = 2147483647;
			files = (
				B939F5BE22DD55FC00A102BD /* testInAppPurchaseUITests.swift in Sources */,
			);
			runOnlyForDeploymentPostprocessing = 0;
		};
/* End PBXSourcesBuildPhase section */

/* Begin PBXTargetDependency section */
		B939F5B022DD55FB00A102BD /* PBXTargetDependency */ = {
			isa = PBXTargetDependency;
			target = B939F59922DD55FA00A102BD /* testInAppPurchase */;
			targetProxy = B939F5AF22DD55FB00A102BD /* PBXContainerItemProxy */;
		};
		B939F5BB22DD55FC00A102BD /* PBXTargetDependency */ = {
			isa = PBXTargetDependency;
			target = B939F59922DD55FA00A102BD /* testInAppPurchase */;
			targetProxy = B939F5BA22DD55FC00A102BD /* PBXContainerItemProxy */;
		};
/* End PBXTargetDependency section */

/* Begin PBXVariantGroup section */
		B939F5A122DD55FA00A102BD /* Main.storyboard */ = {
			isa = PBXVariantGroup;
			children = (
				B939F5A222DD55FA00A102BD /* Base */,
			);
			name = Main.storyboard;
			sourceTree = "<group>";
		};
		B939F5A622DD55FB00A102BD /* LaunchScreen.storyboard */ = {
			isa = PBXVariantGroup;
			children = (
				B939F5A722DD55FB00A102BD /* Base */,
			);
			name = LaunchScreen.storyboard;
			sourceTree = "<group>";
		};
/* End PBXVariantGroup section */

/* Begin XCBuildConfiguration section */
		B939F5C022DD55FC00A102BD /* Debug */ = {
			isa = XCBuildConfiguration;
			buildSettings = {
				ALWAYS_SEARCH_USER_PATHS = NO;
				CLANG_ANALYZER_NONNULL = YES;
				CLANG_ANALYZER_NUMBER_OBJECT_CONVERSION = YES_AGGRESSIVE;
				CLANG_CXX_LANGUAGE_STANDARD = "gnu++14";
				CLANG_CXX_LIBRARY = "libc++";
				CLANG_ENABLE_MODULES = YES;
				CLANG_ENABLE_OBJC_ARC = YES;
				CLANG_ENABLE_OBJC_WEAK = YES;
				CLANG_WARN_BLOCK_CAPTURE_AUTORELEASING = YES;
				CLANG_WARN_BOOL_CONVERSION = YES;
				CLANG_WARN_COMMA = YES;
				CLANG_WARN_CONSTANT_CONVERSION = YES;
				CLANG_WARN_DEPRECATED_OBJC_IMPLEMENTATIONS = YES;
				CLANG_WARN_DIRECT_OBJC_ISA_USAGE = YES_ERROR;
				CLANG_WARN_DOCUMENTATION_COMMENTS = YES;
				CLANG_WARN_EMPTY_BODY = YES;
				CLANG_WARN_ENUM_CONVERSION = YES;
				CLANG_WARN_INFINITE_RECURSION = YES;
				CLANG_WARN_INT_CONVERSION = YES;
				CLANG_WARN_NON_LITERAL_NULL_CONVERSION = YES;
				CLANG_WARN_OBJC_IMPLICIT_RETAIN_SELF = YES;
				CLANG_WARN_OBJC_LITERAL_CONVERSION = YES;
				CLANG_WARN_OBJC_ROOT_CLASS = YES_ERROR;
				CLANG_WARN_RANGE_LOOP_ANALYSIS = YES;
				CLANG_WARN_STRICT_PROTOTYPES = YES;
				CLANG_WARN_SUSPICIOUS_MOVE = YES;
				CLANG_WARN_UNGUARDED_AVAILABILITY = YES_AGGRESSIVE;
				CLANG_WARN_UNREACHABLE_CODE = YES;
				CLANG_WARN__DUPLICATE_METHOD_MATCH = YES;
				CODE_SIGN_IDENTITY = "iPhone Developer";
				COPY_PHASE_STRIP = NO;
				DEBUG_INFORMATION_FORMAT = dwarf;
				ENABLE_STRICT_OBJC_MSGSEND = YES;
				ENABLE_TESTABILITY = YES;
				GCC_C_LANGUAGE_STANDARD = gnu11;
				GCC_DYNAMIC_NO_PIC = NO;
				GCC_NO_COMMON_BLOCKS = YES;
				GCC_OPTIMIZATION_LEVEL = 0;
				GCC_PREPROCESSOR_DEFINITIONS = (
					"DEBUG=1",
					"$(inherited)",
				);
				GCC_WARN_64_TO_32_BIT_CONVERSION = YES;
				GCC_WARN_ABOUT_RETURN_TYPE = YES_ERROR;
				GCC_WARN_UNDECLARED_SELECTOR = YES;
				GCC_WARN_UNINITIALIZED_AUTOS = YES_AGGRESSIVE;
				GCC_WARN_UNUSED_FUNCTION = YES;
				GCC_WARN_UNUSED_VARIABLE = YES;
				IPHONEOS_DEPLOYMENT_TARGET = 12.2;
				MTL_ENABLE_DEBUG_INFO = INCLUDE_SOURCE;
				MTL_FAST_MATH = YES;
				ONLY_ACTIVE_ARCH = YES;
				SDKROOT = iphoneos;
				SWIFT_ACTIVE_COMPILATION_CONDITIONS = DEBUG;
				SWIFT_OPTIMIZATION_LEVEL = "-Onone";
			};
			name = Debug;
		};
		B939F5C122DD55FC00A102BD /* Release */ = {
			isa = XCBuildConfiguration;
			buildSettings = {
				ALWAYS_SEARCH_USER_PATHS = NO;
				CLANG_ANALYZER_NONNULL = YES;
				CLANG_ANALYZER_NUMBER_OBJECT_CONVERSION = YES_AGGRESSIVE;
				CLANG_CXX_LANGUAGE_STANDARD = "gnu++14";
				CLANG_CXX_LIBRARY = "libc++";
				CLANG_ENABLE_MODULES = YES;
				CLANG_ENABLE_OBJC_ARC = YES;
				CLANG_ENABLE_OBJC_WEAK = YES;
				CLANG_WARN_BLOCK_CAPTURE_AUTORELEASING = YES;
				CLANG_WARN_BOOL_CONVERSION = YES;
				CLANG_WARN_COMMA = YES;
				CLANG_WARN_CONSTANT_CONVERSION = YES;
				CLANG_WARN_DEPRECATED_OBJC_IMPLEMENTATIONS = YES;
				CLANG_WARN_DIRECT_OBJC_ISA_USAGE = YES_ERROR;
				CLANG_WARN_DOCUMENTATION_COMMENTS = YES;
				CLANG_WARN_EMPTY_BODY = YES;
				CLANG_WARN_ENUM_CONVERSION = YES;
				CLANG_WARN_INFINITE_RECURSION = YES;
				CLANG_WARN_INT_CONVERSION = YES;
				CLANG_WARN_NON_LITERAL_NULL_CONVERSION = YES;
				CLANG_WARN_OBJC_IMPLICIT_RETAIN_SELF = YES;
				CLANG_WARN_OBJC_LITERAL_CONVERSION = YES;
				CLANG_WARN_OBJC_ROOT_CLASS = YES_ERROR;
				CLANG_WARN_RANGE_LOOP_ANALYSIS = YES;
				CLANG_WARN_STRICT_PROTOTYPES = YES;
				CLANG_WARN_SUSPICIOUS_MOVE = YES;
				CLANG_WARN_UNGUARDED_AVAILABILITY = YES_AGGRESSIVE;
				CLANG_WARN_UNREACHABLE_CODE = YES;
				CLANG_WARN__DUPLICATE_METHOD_MATCH = YES;
				CODE_SIGN_IDENTITY = "iPhone Developer";
				COPY_PHASE_STRIP = NO;
				DEBUG_INFORMATION_FORMAT = "dwarf-with-dsym";
				ENABLE_NS_ASSERTIONS = NO;
				ENABLE_STRICT_OBJC_MSGSEND = YES;
				GCC_C_LANGUAGE_STANDARD = gnu11;
				GCC_NO_COMMON_BLOCKS = YES;
				GCC_WARN_64_TO_32_BIT_CONVERSION = YES;
				GCC_WARN_ABOUT_RETURN_TYPE = YES_ERROR;
				GCC_WARN_UNDECLARED_SELECTOR = YES;
				GCC_WARN_UNINITIALIZED_AUTOS = YES_AGGRESSIVE;
				GCC_WARN_UNUSED_FUNCTION = YES;
				GCC_WARN_UNUSED_VARIABLE = YES;
				IPHONEOS_DEPLOYMENT_TARGET = 12.2;
				MTL_ENABLE_DEBUG_INFO = NO;
				MTL_FAST_MATH = YES;
				SDKROOT = iphoneos;
				SWIFT_COMPILATION_MODE = wholemodule;
				SWIFT_OPTIMIZATION_LEVEL = "-O";
				VALIDATE_PRODUCT = YES;
			};
			name = Release;
		};
		B939F5C322DD55FC00A102BD /* Debug */ = {
			isa = XCBuildConfiguration;
			baseConfigurationReference = 9447F8057FBEC8427FD9C734 /* Pods-testInAppPurchase.debug.xcconfig */;
			buildSettings = {
				ASSETCATALOG_COMPILER_APPICON_NAME = AppIcon;
				CODE_SIGN_STYLE = Manual;
				DEVELOPMENT_TEAM = GXEN49NFED;
				INFOPLIST_FILE = testInAppPurchase/Info.plist;
				LD_RUNPATH_SEARCH_PATHS = (
					"$(inherited)",
					"@executable_path/Frameworks",
				);
				PRODUCT_BUNDLE_IDENTIFIER = com.nwatabou.testInAppPurchase;
				PRODUCT_NAME = "$(TARGET_NAME)";
				PROVISIONING_PROFILE_SPECIFIER = testInAppPurchase_Dev;
				SWIFT_VERSION = 5.0;
				TARGETED_DEVICE_FAMILY = "1,2";
			};
			name = Debug;
		};
		B939F5C422DD55FC00A102BD /* Release */ = {
			isa = XCBuildConfiguration;
			baseConfigurationReference = 284A3A8590A5C36CD30E3703 /* Pods-testInAppPurchase.release.xcconfig */;
			buildSettings = {
				ASSETCATALOG_COMPILER_APPICON_NAME = AppIcon;
				CODE_SIGN_STYLE = Manual;
				DEVELOPMENT_TEAM = "";
				INFOPLIST_FILE = testInAppPurchase/Info.plist;
				LD_RUNPATH_SEARCH_PATHS = (
					"$(inherited)",
					"@executable_path/Frameworks",
				);
				PRODUCT_BUNDLE_IDENTIFIER = com.nwatabou.testInAppPurchase;
				PRODUCT_NAME = "$(TARGET_NAME)";
				PROVISIONING_PROFILE_SPECIFIER = "";
				SWIFT_VERSION = 5.0;
				TARGETED_DEVICE_FAMILY = "1,2";
			};
			name = Release;
		};
		B939F5C622DD55FC00A102BD /* Debug */ = {
			isa = XCBuildConfiguration;
			baseConfigurationReference = 0BA426D9A5E4AE083217CF14 /* Pods-testInAppPurchaseTests.debug.xcconfig */;
			buildSettings = {
				ALWAYS_EMBED_SWIFT_STANDARD_LIBRARIES = YES;
				BUNDLE_LOADER = "$(TEST_HOST)";
				CODE_SIGN_STYLE = Automatic;
				DEVELOPMENT_TEAM = GXEN49NFED;
				INFOPLIST_FILE = testInAppPurchaseTests/Info.plist;
				LD_RUNPATH_SEARCH_PATHS = (
					"$(inherited)",
					"@executable_path/Frameworks",
					"@loader_path/Frameworks",
				);
				PRODUCT_BUNDLE_IDENTIFIER = com.nwatabou.testInAppPurchaseTests;
				PRODUCT_NAME = "$(TARGET_NAME)";
				SWIFT_VERSION = 5.0;
				TARGETED_DEVICE_FAMILY = "1,2";
				TEST_HOST = "$(BUILT_PRODUCTS_DIR)/testInAppPurchase.app/testInAppPurchase";
			};
			name = Debug;
		};
		B939F5C722DD55FC00A102BD /* Release */ = {
			isa = XCBuildConfiguration;
			baseConfigurationReference = 060BF3510C87B6D588C0BB4E /* Pods-testInAppPurchaseTests.release.xcconfig */;
			buildSettings = {
				ALWAYS_EMBED_SWIFT_STANDARD_LIBRARIES = YES;
				BUNDLE_LOADER = "$(TEST_HOST)";
				CODE_SIGN_STYLE = Automatic;
				DEVELOPMENT_TEAM = GXEN49NFED;
				INFOPLIST_FILE = testInAppPurchaseTests/Info.plist;
				LD_RUNPATH_SEARCH_PATHS = (
					"$(inherited)",
					"@executable_path/Frameworks",
					"@loader_path/Frameworks",
				);
				PRODUCT_BUNDLE_IDENTIFIER = com.nwatabou.testInAppPurchaseTests;
				PRODUCT_NAME = "$(TARGET_NAME)";
				SWIFT_VERSION = 5.0;
				TARGETED_DEVICE_FAMILY = "1,2";
				TEST_HOST = "$(BUILT_PRODUCTS_DIR)/testInAppPurchase.app/testInAppPurchase";
			};
			name = Release;
		};
		B939F5C922DD55FC00A102BD /* Debug */ = {
			isa = XCBuildConfiguration;
			baseConfigurationReference = 3A22F083DCB711BDAC3C8482 /* Pods-testInAppPurchaseUITests.debug.xcconfig */;
			buildSettings = {
				ALWAYS_EMBED_SWIFT_STANDARD_LIBRARIES = YES;
				CODE_SIGN_STYLE = Automatic;
				DEVELOPMENT_TEAM = GXEN49NFED;
				INFOPLIST_FILE = testInAppPurchaseUITests/Info.plist;
				LD_RUNPATH_SEARCH_PATHS = (
					"$(inherited)",
					"@executable_path/Frameworks",
					"@loader_path/Frameworks",
				);
				PRODUCT_BUNDLE_IDENTIFIER = com.nwatabou.testInAppPurchaseUITests;
				PRODUCT_NAME = "$(TARGET_NAME)";
				SWIFT_VERSION = 5.0;
				TARGETED_DEVICE_FAMILY = "1,2";
				TEST_TARGET_NAME = testInAppPurchase;
			};
			name = Debug;
		};
		B939F5CA22DD55FC00A102BD /* Release */ = {
			isa = XCBuildConfiguration;
			baseConfigurationReference = C0BEAE802CFF4791872CDAD0 /* Pods-testInAppPurchaseUITests.release.xcconfig */;
			buildSettings = {
				ALWAYS_EMBED_SWIFT_STANDARD_LIBRARIES = YES;
				CODE_SIGN_STYLE = Automatic;
				DEVELOPMENT_TEAM = GXEN49NFED;
				INFOPLIST_FILE = testInAppPurchaseUITests/Info.plist;
				LD_RUNPATH_SEARCH_PATHS = (
					"$(inherited)",
					"@executable_path/Frameworks",
					"@loader_path/Frameworks",
				);
				PRODUCT_BUNDLE_IDENTIFIER = com.nwatabou.testInAppPurchaseUITests;
				PRODUCT_NAME = "$(TARGET_NAME)";
				SWIFT_VERSION = 5.0;
				TARGETED_DEVICE_FAMILY = "1,2";
				TEST_TARGET_NAME = testInAppPurchase;
			};
			name = Release;
		};
/* End XCBuildConfiguration section */

/* Begin XCConfigurationList section */
		B939F59522DD55FA00A102BD /* Build configuration list for PBXProject "testInAppPurchase" */ = {
			isa = XCConfigurationList;
			buildConfigurations = (
				B939F5C022DD55FC00A102BD /* Debug */,
				B939F5C122DD55FC00A102BD /* Release */,
			);
			defaultConfigurationIsVisible = 0;
			defaultConfigurationName = Release;
		};
		B939F5C222DD55FC00A102BD /* Build configuration list for PBXNativeTarget "testInAppPurchase" */ = {
			isa = XCConfigurationList;
			buildConfigurations = (
				B939F5C322DD55FC00A102BD /* Debug */,
				B939F5C422DD55FC00A102BD /* Release */,
			);
			defaultConfigurationIsVisible = 0;
			defaultConfigurationName = Release;
		};
		B939F5C522DD55FC00A102BD /* Build configuration list for PBXNativeTarget "testInAppPurchaseTests" */ = {
			isa = XCConfigurationList;
			buildConfigurations = (
				B939F5C622DD55FC00A102BD /* Debug */,
				B939F5C722DD55FC00A102BD /* Release */,
			);
			defaultConfigurationIsVisible = 0;
			defaultConfigurationName = Release;
		};
		B939F5C822DD55FC00A102BD /* Build configuration list for PBXNativeTarget "testInAppPurchaseUITests" */ = {
			isa = XCConfigurationList;
			buildConfigurations = (
				B939F5C922DD55FC00A102BD /* Debug */,
				B939F5CA22DD55FC00A102BD /* Release */,
			);
			defaultConfigurationIsVisible = 0;
			defaultConfigurationName = Release;
		};
/* End XCConfigurationList section */
	};
	rootObject = B939F59222DD55FA00A102BD /* Project object */;
}
